
Microsoft Visual Studio Solution File, Format Version 12.00
# Visual Studio 15
VisualStudioVersion = 15.0.27703.2035
MinimumVisualStudioVersion = 10.0.40219.1
Project("{FAE04EC0-301F-11D3-BF4B-00C04F79EFBC}") = "GSuite.Libs", "GSuite.Libs\GSuite.Libs.csproj", "{17795F4C-9BE3-4FF1-A2B2-371324CB133F}"
EndProject
Project("{FAE04EC0-301F-11D3-BF4B-00C04F79EFBC}") = "GSuite.Console", "GSuite.Console\GSuite.Console.csproj", "{65DE7D49-410B-4FA0-9996-0BD20C40B442}"
EndProject
Project("{FAE04EC0-301F-11D3-BF4B-00C04F79EFBC}") = "GSuite.GUI", "GSuite.GUI\GSuite.GUI.csproj", "{C6E9C175-D826-4DB5-BC5F-A508DB704CED}"
EndProject
Project("{FAE04EC0-301F-11D3-BF4B-00C04F79EFBC}") = "GSuite.Test", "GSuite.Test\GSuite.Test.csproj", "{F6C7ED85-151C-4063-A073-565B8698E905}"
EndProject
Global
	GlobalSection(SolutionConfigurationPlatforms) = preSolution
		Debug|Any CPU = Debug|Any CPU
		Release|Any CPU = Release|Any CPU
	EndGlobalSection
	GlobalSection(ProjectConfigurationPlatforms) = postSolution
		{17795F4C-9BE3-4FF1-A2B2-371324CB133F}.Debug|Any CPU.ActiveCfg = Debug|Any CPU
		{17795F4C-9BE3-4FF1-A2B2-371324CB133F}.Debug|Any CPU.Build.0 = Debug|Any CPU
		{17795F4C-9BE3-4FF1-A2B2-371324CB133F}.Release|Any CPU.ActiveCfg = Release|Any CPU
		{17795F4C-9BE3-4FF1-A2B2-371324CB133F}.Release|Any CPU.Build.0 = Release|Any CPU
		{65DE7D49-410B-4FA0-9996-0BD20C40B442}.Debug|Any CPU.ActiveCfg = Debug|Any CPU
		{65DE7D49-410B-4FA0-9996-0BD20C40B442}.Debug|Any CPU.Build.0 = Debug|Any CPU
		{65DE7D49-410B-4FA0-9996-0BD20C40B442}.Release|Any CPU.ActiveCfg = Release|Any CPU
		{65DE7D49-410B-4FA0-9996-0BD20C40B442}.Release|Any CPU.Build.0 = Release|Any CPU
		{C6E9C175-D826-4DB5-BC5F-A508DB704CED}.Debug|Any CPU.ActiveCfg = Debug|Any CPU
		{C6E9C175-D826-4DB5-BC5F-A508DB704CED}.Debug|Any CPU.Build.0 = Debug|Any CPU
		{C6E9C175-D826-4DB5-BC5F-A508DB704CED}.Release|Any CPU.ActiveCfg = Release|Any CPU
		{C6E9C175-D826-4DB5-BC5F-A508DB704CED}.Release|Any CPU.Build.0 = Release|Any CPU
		{F6C7ED85-151C-4063-A073-565B8698E905}.Debug|Any CPU.ActiveCfg = Debug|Any CPU
		{F6C7ED85-151C-4063-A073-565B8698E905}.Debug|Any CPU.Build.0 = Debug|Any CPU
		{F6C7ED85-151C-4063-A073-565B8698E905}.Release|Any CPU.ActiveCfg = Release|Any CPU
		{F6C7ED85-151C-4063-A073-565B8698E905}.Release|Any CPU.Build.0 = Release|Any CPU
	EndGlobalSection
	GlobalSection(SolutionProperties) = preSolution
		HideSolutionNode = FALSE
	EndGlobalSection
	GlobalSection(ExtensibilityGlobals) = postSolution
		SolutionGuid = {4D282670-5405-4996-88F8-BCD654E2E2B4}
	EndGlobalSection
EndGlobal
